
Microsoft Visual Studio Solution File, Format Version 12.00
# Visual Studio Version 17
VisualStudioVersion = 17.8.34309.116
MinimumVisualStudioVersion = 10.0.40219.1
Project("{FAE04EC0-301F-11D3-BF4B-00C04F79EFBC}") = "tum-web-lab5", "tum-web-lab5\tum-web-lab5.csproj", "{084214BF-B65D-4155-9039-BFBBD25024B5}"
EndProject
Global
	GlobalSection(SolutionConfigurationPlatforms) = preSolution
		Debug|Any CPU = Debug|Any CPU
		Release|Any CPU = Release|Any CPU
	EndGlobalSection
	GlobalSection(ProjectConfigurationPlatforms) = postSolution
		{084214BF-B65D-4155-9039-BFBBD25024B5}.Debug|Any CPU.ActiveCfg = Debug|Any CPU
		{084214BF-B65D-4155-9039-BFBBD25024B5}.Debug|Any CPU.Build.0 = Debug|Any CPU
		{084214BF-B65D-4155-9039-BFBBD25024B5}.Release|Any CPU.ActiveCfg = Release|Any CPU
		{084214BF-B65D-4155-9039-BFBBD25024B5}.Release|Any CPU.Build.0 = Release|Any CPU
	EndGlobalSection
	GlobalSection(SolutionProperties) = preSolution
		HideSolutionNode = FALSE
	EndGlobalSection
	GlobalSection(ExtensibilityGlobals) = postSolution
		SolutionGuid = {1476124C-3BB5-48CE-86F3-659F18C91ADC}
	EndGlobalSection
EndGlobal
